// !$*UTF8*$!
{
	archiveVersion = 1;
	classes = {
	};
	objectVersion = 46;
	objects = {

/* Begin PBXBuildFile section */
		0409ABFD1CFEBBE500EED0CF /* main.m in Sources */ = {isa = PBXBuildFile; fileRef = 0409ABFC1CFEBBE500EED0CF /* main.m */; };
		0409AC001CFEBBE500EED0CF /* AppDelegate.m in Sources */ = {isa = PBXBuildFile; fileRef = 0409ABFF1CFEBBE500EED0CF /* AppDelegate.m */; };
		0409AC031CFEBBE500EED0CF /* ViewController.m in Sources */ = {isa = PBXBuildFile; fileRef = 0409AC021CFEBBE500EED0CF /* ViewController.m */; };
		0409AC061CFEBBE500EED0CF /* Main.storyboard in Resources */ = {isa = PBXBuildFile; fileRef = 0409AC041CFEBBE500EED0CF /* Main.storyboard */; };
		0409AC081CFEBBE500EED0CF /* Assets.xcassets in Resources */ = {isa = PBXBuildFile; fileRef = 0409AC071CFEBBE500EED0CF /* Assets.xcassets */; };
		0409AC0B1CFEBBE500EED0CF /* LaunchScreen.storyboard in Resources */ = {isa = PBXBuildFile; fileRef = 0409AC091CFEBBE500EED0CF /* LaunchScreen.storyboard */; };
		0409AC161CFEBBE500EED0CF /* PickPicTests.m in Sources */ = {isa = PBXBuildFile; fileRef = 0409AC151CFEBBE500EED0CF /* PickPicTests.m */; };
		0409AC211CFEBBE500EED0CF /* PickPicUITests.m in Sources */ = {isa = PBXBuildFile; fileRef = 0409AC201CFEBBE500EED0CF /* PickPicUITests.m */; };
/* End PBXBuildFile section */

/* Begin PBXContainerItemProxy section */
		0409AC121CFEBBE500EED0CF /* PBXContainerItemProxy */ = {
			isa = PBXContainerItemProxy;
			containerPortal = 0409ABF01CFEBBE500EED0CF /* Project object */;
			proxyType = 1;
			remoteGlobalIDString = 0409ABF71CFEBBE500EED0CF;
			remoteInfo = PickPic;
		};
		0409AC1D1CFEBBE500EED0CF /* PBXContainerItemProxy */ = {
			isa = PBXContainerItemProxy;
			containerPortal = 0409ABF01CFEBBE500EED0CF /* Project object */;
			proxyType = 1;
			remoteGlobalIDString = 0409ABF71CFEBBE500EED0CF;
			remoteInfo = PickPic;
		};
/* End PBXContainerItemProxy section */

/* Begin PBXFileReference section */
		0409ABF81CFEBBE500EED0CF /* PickPic.app */ = {isa = PBXFileReference; explicitFileType = wrapper.application; includeInIndex = 0; path = PickPic.app; sourceTree = BUILT_PRODUCTS_DIR; };
		0409ABFC1CFEBBE500EED0CF /* main.m */ = {isa = PBXFileReference; lastKnownFileType = sourcecode.c.objc; path = main.m; sourceTree = "<group>"; };
		0409ABFE1CFEBBE500EED0CF /* AppDelegate.h */ = {isa = PBXFileReference; lastKnownFileType = sourcecode.c.h; path = AppDelegate.h; sourceTree = "<group>"; };
		0409ABFF1CFEBBE500EED0CF /* AppDelegate.m */ = {isa = PBXFileReference; lastKnownFileType = sourcecode.c.objc; path = AppDelegate.m; sourceTree = "<group>"; };
		0409AC011CFEBBE500EED0CF /* ViewController.h */ = {isa = PBXFileReference; lastKnownFileType = sourcecode.c.h; path = ViewController.h; sourceTree = "<group>"; };
		0409AC021CFEBBE500EED0CF /* ViewController.m */ = {isa = PBXFileReference; lastKnownFileType = sourcecode.c.objc; path = ViewController.m; sourceTree = "<group>"; };
		0409AC051CFEBBE500EED0CF /* Base */ = {isa = PBXFileReference; lastKnownFileType = file.storyboard; name = Base; path = Base.lproj/Main.storyboard; sourceTree = "<group>"; };
		0409AC071CFEBBE500EED0CF /* Assets.xcassets */ = {isa = PBXFileReference; lastKnownFileType = folder.assetcatalog; path = Assets.xcassets; sourceTree = "<group>"; };
		0409AC0A1CFEBBE500EED0CF /* Base */ = {isa = PBXFileReference; lastKnownFileType = file.storyboard; name = Base; path = Base.lproj/LaunchScreen.storyboard; sourceTree = "<group>"; };
		0409AC0C1CFEBBE500EED0CF /* Info.plist */ = {isa = PBXFileReference; lastKnownFileType = text.plist.xml; path = Info.plist; sourceTree = "<group>"; };
		0409AC111CFEBBE500EED0CF /* PickPicTests.xctest */ = {isa = PBXFileReference; explicitFileType = wrapper.cfbundle; includeInIndex = 0; path = PickPicTests.xctest; sourceTree = BUILT_PRODUCTS_DIR; };
		0409AC151CFEBBE500EED0CF /* PickPicTests.m */ = {isa = PBXFileReference; lastKnownFileType = sourcecode.c.objc; path = PickPicTests.m; sourceTree = "<group>"; };
		0409AC171CFEBBE500EED0CF /* Info.plist */ = {isa = PBXFileReference; lastKnownFileType = text.plist.xml; path = Info.plist; sourceTree = "<group>"; };
		0409AC1C1CFEBBE500EED0CF /* PickPicUITests.xctest */ = {isa = PBXFileReference; explicitFileType = wrapper.cfbundle; includeInIndex = 0; path = PickPicUITests.xctest; sourceTree = BUILT_PRODUCTS_DIR; };
		0409AC201CFEBBE500EED0CF /* PickPicUITests.m */ = {isa = PBXFileReference; lastKnownFileType = sourcecode.c.objc; path = PickPicUITests.m; sourceTree = "<group>"; };
		0409AC221CFEBBE500EED0CF /* Info.plist */ = {isa = PBXFileReference; lastKnownFileType = text.plist.xml; path = Info.plist; sourceTree = "<group>"; };
/* End PBXFileReference section */

/* Begin PBXFrameworksBuildPhase section */
		0409ABF51CFEBBE500EED0CF /* Frameworks */ = {
			isa = PBXFrameworksBuildPhase;
			buildActionMask = 2147483647;
			files = (
			);
			runOnlyForDeploymentPostprocessing = 0;
		};
		0409AC0E1CFEBBE500EED0CF /* Frameworks */ = {
			isa = PBXFrameworksBuildPhase;
			buildActionMask = 2147483647;
			files = (
			);
			runOnlyForDeploymentPostprocessing = 0;
		};
		0409AC191CFEBBE500EED0CF /* Frameworks */ = {
			isa = PBXFrameworksBuildPhase;
			buildActionMask = 2147483647;
			files = (
			);
			runOnlyForDeploymentPostprocessing = 0;
		};
/* End PBXFrameworksBuildPhase section */

/* Begin PBXGroup section */
		0409ABEF1CFEBBE500EED0CF = {
			isa = PBXGroup;
			children = (
				0409ABFA1CFEBBE500EED0CF /* PickPic */,
				0409AC141CFEBBE500EED0CF /* PickPicTests */,
				0409AC1F1CFEBBE500EED0CF /* PickPicUITests */,
				0409ABF91CFEBBE500EED0CF /* Products */,
			);
			sourceTree = "<group>";
		};
		0409ABF91CFEBBE500EED0CF /* Products */ = {
			isa = PBXGroup;
			children = (
				0409ABF81CFEBBE500EED0CF /* PickPic.app */,
				0409AC111CFEBBE500EED0CF /* PickPicTests.xctest */,
				0409AC1C1CFEBBE500EED0CF /* PickPicUITests.xctest */,
			);
			name = Products;
			sourceTree = "<group>";
		};
		0409ABFA1CFEBBE500EED0CF /* PickPic */ = {
			isa = PBXGroup;
			children = (
				0409ABFE1CFEBBE500EED0CF /* AppDelegate.h */,
				0409ABFF1CFEBBE500EED0CF /* AppDelegate.m */,
				0409AC011CFEBBE500EED0CF /* ViewController.h */,
				0409AC021CFEBBE500EED0CF /* ViewController.m */,
				0409AC041CFEBBE500EED0CF /* Main.storyboard */,
				0409AC071CFEBBE500EED0CF /* Assets.xcassets */,
				0409AC091CFEBBE500EED0CF /* LaunchScreen.storyboard */,
				0409AC0C1CFEBBE500EED0CF /* Info.plist */,
				0409ABFB1CFEBBE500EED0CF /* Supporting Files */,
			);
			path = PickPic;
			sourceTree = "<group>";
		};
		0409ABFB1CFEBBE500EED0CF /* Supporting Files */ = {
			isa = PBXGroup;
			children = (
				0409ABFC1CFEBBE500EED0CF /* main.m */,
			);
			name = "Supporting Files";
			sourceTree = "<group>";
		};
		0409AC141CFEBBE500EED0CF /* PickPicTests */ = {
			isa = PBXGroup;
			children = (
				0409AC151CFEBBE500EED0CF /* PickPicTests.m */,
				0409AC171CFEBBE500EED0CF /* Info.plist */,
			);
			path = PickPicTests;
			sourceTree = "<group>";
		};
		0409AC1F1CFEBBE500EED0CF /* PickPicUITests */ = {
			isa = PBXGroup;
			children = (
				0409AC201CFEBBE500EED0CF /* PickPicUITests.m */,
				0409AC221CFEBBE500EED0CF /* Info.plist */,
			);
			path = PickPicUITests;
			sourceTree = "<group>";
		};
/* End PBXGroup section */

/* Begin PBXNativeTarget section */
		0409ABF71CFEBBE500EED0CF /* PickPic */ = {
			isa = PBXNativeTarget;
			buildConfigurationList = 0409AC251CFEBBE500EED0CF /* Build configuration list for PBXNativeTarget "PickPic" */;
			buildPhases = (
				0409ABF41CFEBBE500EED0CF /* Sources */,
				0409ABF51CFEBBE500EED0CF /* Frameworks */,
				0409ABF61CFEBBE500EED0CF /* Resources */,
			);
			buildRules = (
			);
			dependencies = (
			);
			name = PickPic;
			productName = PickPic;
			productReference = 0409ABF81CFEBBE500EED0CF /* PickPic.app */;
			productType = "com.apple.product-type.application";
		};
		0409AC101CFEBBE500EED0CF /* PickPicTests */ = {
			isa = PBXNativeTarget;
			buildConfigurationList = 0409AC281CFEBBE500EED0CF /* Build configuration list for PBXNativeTarget "PickPicTests" */;
			buildPhases = (
				0409AC0D1CFEBBE500EED0CF /* Sources */,
				0409AC0E1CFEBBE500EED0CF /* Frameworks */,
				0409AC0F1CFEBBE500EED0CF /* Resources */,
			);
			buildRules = (
			);
			dependencies = (
				0409AC131CFEBBE500EED0CF /* PBXTargetDependency */,
			);
			name = PickPicTests;
			productName = PickPicTests;
			productReference = 0409AC111CFEBBE500EED0CF /* PickPicTests.xctest */;
			productType = "com.apple.product-type.bundle.unit-test";
		};
		0409AC1B1CFEBBE500EED0CF /* PickPicUITests */ = {
			isa = PBXNativeTarget;
			buildConfigurationList = 0409AC2B1CFEBBE500EED0CF /* Build configuration list for PBXNativeTarget "PickPicUITests" */;
			buildPhases = (
				0409AC181CFEBBE500EED0CF /* Sources */,
				0409AC191CFEBBE500EED0CF /* Frameworks */,
				0409AC1A1CFEBBE500EED0CF /* Resources */,
			);
			buildRules = (
			);
			dependencies = (
				0409AC1E1CFEBBE500EED0CF /* PBXTargetDependency */,
			);
			name = PickPicUITests;
			productName = PickPicUITests;
			productReference = 0409AC1C1CFEBBE500EED0CF /* PickPicUITests.xctest */;
			productType = "com.apple.product-type.bundle.ui-testing";
		};
/* End PBXNativeTarget section */

/* Begin PBXProject section */
		0409ABF01CFEBBE500EED0CF /* Project object */ = {
			isa = PBXProject;
			attributes = {
				LastUpgradeCheck = 0720;
				ORGANIZATIONNAME = mac;
				TargetAttributes = {
					0409ABF71CFEBBE500EED0CF = {
						CreatedOnToolsVersion = 7.2;
						DevelopmentTeam = 4RVLVU55LX;
					};
					0409AC101CFEBBE500EED0CF = {
						CreatedOnToolsVersion = 7.2;
						DevelopmentTeam = 4RVLVU55LX;
						TestTargetID = 0409ABF71CFEBBE500EED0CF;
					};
					0409AC1B1CFEBBE500EED0CF = {
						CreatedOnToolsVersion = 7.2;
						DevelopmentTeam = 4RVLVU55LX;
						TestTargetID = 0409ABF71CFEBBE500EED0CF;
					};
				};
			};
			buildConfigurationList = 0409ABF31CFEBBE500EED0CF /* Build configuration list for PBXProject "PickPic" */;
			compatibilityVersion = "Xcode 3.2";
			developmentRegion = English;
			hasScannedForEncodings = 0;
			knownRegions = (
				en,
				Base,
			);
			mainGroup = 0409ABEF1CFEBBE500EED0CF;
			productRefGroup = 0409ABF91CFEBBE500EED0CF /* Products */;
			projectDirPath = "";
			projectRoot = "";
			targets = (
				0409ABF71CFEBBE500EED0CF /* PickPic */,
				0409AC101CFEBBE500EED0CF /* PickPicTests */,
				0409AC1B1CFEBBE500EED0CF /* PickPicUITests */,
			);
		};
/* End PBXProject section */

/* Begin PBXResourcesBuildPhase section */
		0409ABF61CFEBBE500EED0CF /* Resources */ = {
			isa = PBXResourcesBuildPhase;
			buildActionMask = 2147483647;
			files = (
				0409AC0B1CFEBBE500EED0CF /* LaunchScreen.storyboard in Resources */,
				0409AC081CFEBBE500EED0CF /* Assets.xcassets in Resources */,
				0409AC061CFEBBE500EED0CF /* Main.storyboard in Resources */,
			);
			runOnlyForDeploymentPostprocessing = 0;
		};
		0409AC0F1CFEBBE500EED0CF /* Resources */ = {
			isa = PBXResourcesBuildPhase;
			buildActionMask = 2147483647;
			files = (
			);
			runOnlyForDeploymentPostprocessing = 0;
		};
		0409AC1A1CFEBBE500EED0CF /* Resources */ = {
			isa = PBXResourcesBuildPhase;
			buildActionMask = 2147483647;
			files = (
			);
			runOnlyForDeploymentPostprocessing = 0;
		};
/* End PBXResourcesBuildPhase section */

/* Begin PBXSourcesBuildPhase section */
		0409ABF41CFEBBE500EED0CF /* Sources */ = {
			isa = PBXSourcesBuildPhase;
			buildActionMask = 2147483647;
			files = (
				0409AC031CFEBBE500EED0CF /* ViewController.m in Sources */,
				0409AC001CFEBBE500EED0CF /* AppDelegate.m in Sources */,
				0409ABFD1CFEBBE500EED0CF /* main.m in Sources */,
			);
			runOnlyForDeploymentPostprocessing = 0;
		};
		0409AC0D1CFEBBE500EED0CF /* Sources */ = {
			isa = PBXSourcesBuildPhase;
			buildActionMask = 2147483647;
			files = (
				0409AC161CFEBBE500EED0CF /* PickPicTests.m in Sources */,
			);
			runOnlyForDeploymentPostprocessing = 0;
		};
		0409AC181CFEBBE500EED0CF /* Sources */ = {
			isa = PBXSourcesBuildPhase;
			buildActionMask = 2147483647;
			files = (
				0409AC211CFEBBE500EED0CF /* PickPicUITests.m in Sources */,
			);
			runOnlyForDeploymentPostprocessing = 0;
		};
/* End PBXSourcesBuildPhase section */

/* Begin PBXTargetDependency section */
		0409AC131CFEBBE500EED0CF /* PBXTargetDependency */ = {
			isa = PBXTargetDependency;
			target = 0409ABF71CFEBBE500EED0CF /* PickPic */;
			targetProxy = 0409AC121CFEBBE500EED0CF /* PBXContainerItemProxy */;
		};
		0409AC1E1CFEBBE500EED0CF /* PBXTargetDependency */ = {
			isa = PBXTargetDependency;
			target = 0409ABF71CFEBBE500EED0CF /* PickPic */;
			targetProxy = 0409AC1D1CFEBBE500EED0CF /* PBXContainerItemProxy */;
		};
/* End PBXTargetDependency section */

/* Begin PBXVariantGroup section */
		0409AC041CFEBBE500EED0CF /* Main.storyboard */ = {
			isa = PBXVariantGroup;
			children = (
				0409AC051CFEBBE500EED0CF /* Base */,
			);
			name = Main.storyboard;
			sourceTree = "<group>";
		};
		0409AC091CFEBBE500EED0CF /* LaunchScreen.storyboard */ = {
			isa = PBXVariantGroup;
			children = (
				0409AC0A1CFEBBE500EED0CF /* Base */,
			);
			name = LaunchScreen.storyboard;
			sourceTree = "<group>";
		};
/* End PBXVariantGroup section */

/* Begin XCBuildConfiguration section */
		0409AC231CFEBBE500EED0CF /* Debug */ = {
			isa = XCBuildConfiguration;
			buildSettings = {
				ALWAYS_SEARCH_USER_PATHS = NO;
				CLANG_CXX_LANGUAGE_STANDARD = "gnu++0x";
				CLANG_CXX_LIBRARY = "libc++";
				CLANG_ENABLE_MODULES = YES;
				CLANG_ENABLE_OBJC_ARC = YES;
				CLANG_WARN_BOOL_CONVERSION = YES;
				CLANG_WARN_CONSTANT_CONVERSION = YES;
				CLANG_WARN_DIRECT_OBJC_ISA_USAGE = YES_ERROR;
				CLANG_WARN_EMPTY_BODY = YES;
				CLANG_WARN_ENUM_CONVERSION = YES;
				CLANG_WARN_INT_CONVERSION = YES;
				CLANG_WARN_OBJC_ROOT_CLASS = YES_ERROR;
				CLANG_WARN_UNREACHABLE_CODE = YES;
				CLANG_WARN__DUPLICATE_METHOD_MATCH = YES;
				"CODE_SIGN_IDENTITY[sdk=iphoneos*]" = "iPhone Developer";
				COPY_PHASE_STRIP = NO;
				DEBUG_INFORMATION_FORMAT = dwarf;
				ENABLE_STRICT_OBJC_MSGSEND = YES;
				ENABLE_TESTABILITY = YES;
				GCC_C_LANGUAGE_STANDARD = gnu99;
				GCC_DYNAMIC_NO_PIC = NO;
				GCC_NO_COMMON_BLOCKS = YES;
				GCC_OPTIMIZATION_LEVEL = 0;
				GCC_PREPROCESSOR_DEFINITIONS = (
					"DEBUG=1",
					"$(inherited)",
				);
				GCC_WARN_64_TO_32_BIT_CONVERSION = YES;
				GCC_WARN_ABOUT_RETURN_TYPE = YES_ERROR;
				GCC_WARN_UNDECLARED_SELECTOR = YES;
				GCC_WARN_UNINITIALIZED_AUTOS = YES_AGGRESSIVE;
				GCC_WARN_UNUSED_FUNCTION = YES;
				GCC_WARN_UNUSED_VARIABLE = YES;
				IPHONEOS_DEPLOYMENT_TARGET = 9.2;
				MTL_ENABLE_DEBUG_INFO = YES;
				ONLY_ACTIVE_ARCH = YES;
				SDKROOT = iphoneos;
				TARGETED_DEVICE_FAMILY = "1,2";
			};
			name = Debug;
		};
		0409AC241CFEBBE500EED0CF /* Release */ = {
			isa = XCBuildConfiguration;
			buildSettings = {
				ALWAYS_SEARCH_USER_PATHS = NO;
				CLANG_CXX_LANGUAGE_STANDARD = "gnu++0x";
				CLANG_CXX_LIBRARY = "libc++";
				CLANG_ENABLE_MODULES = YES;
				CLANG_ENABLE_OBJC_ARC = YES;
				CLANG_WARN_BOOL_CONVERSION = YES;
				CLANG_WARN_CONSTANT_CONVERSION = YES;
				CLANG_WARN_DIRECT_OBJC_ISA_USAGE = YES_ERROR;
				CLANG_WARN_EMPTY_BODY = YES;
				CLANG_WARN_ENUM_CONVERSION = YES;
				CLANG_WARN_INT_CONVERSION = YES;
				CLANG_WARN_OBJC_ROOT_CLASS = YES_ERROR;
				CLANG_WARN_UNREACHABLE_CODE = YES;
				CLANG_WARN__DUPLICATE_METHOD_MATCH = YES;
				"CODE_SIGN_IDENTITY[sdk=iphoneos*]" = "iPhone Developer";
				COPY_PHASE_STRIP = NO;
				DEBUG_INFORMATION_FORMAT = "dwarf-with-dsym";
				ENABLE_NS_ASSERTIONS = NO;
				ENABLE_STRICT_OBJC_MSGSEND = YES;
				GCC_C_LANGUAGE_STANDARD = gnu99;
				GCC_NO_COMMON_BLOCKS = YES;
				GCC_WARN_64_TO_32_BIT_CONVERSION = YES;
				GCC_WARN_ABOUT_RETURN_TYPE = YES_ERROR;
				GCC_WARN_UNDECLARED_SELECTOR = YES;
				GCC_WARN_UNINITIALIZED_AUTOS = YES_AGGRESSIVE;
				GCC_WARN_UNUSED_FUNCTION = YES;
				GCC_WARN_UNUSED_VARIABLE = YES;
				IPHONEOS_DEPLOYMENT_TARGET = 9.2;
				MTL_ENABLE_DEBUG_INFO = NO;
				SDKROOT = iphoneos;
				TARGETED_DEVICE_FAMILY = "1,2";
				VALIDATE_PRODUCT = YES;
			};
			name = Release;
		};
		0409AC261CFEBBE500EED0CF /* Debug */ = {
			isa = XCBuildConfiguration;
			buildSettings = {
				ASSETCATALOG_COMPILER_APPICON_NAME = AppIcon;
				INFOPLIST_FILE = PickPic/Info.plist;
				LD_RUNPATH_SEARCH_PATHS = "$(inherited) @executable_path/Frameworks";
				PRODUCT_BUNDLE_IDENTIFIER = ZHY.PickPic;
				PRODUCT_NAME = "$(TARGET_NAME)";
			};
			name = Debug;
		};
		0409AC271CFEBBE500EED0CF /* Release */ = {
			isa = XCBuildConfiguration;
			buildSettings = {
				ASSETCATALOG_COMPILER_APPICON_NAME = AppIcon;
				INFOPLIST_FILE = PickPic/Info.plist;
				LD_RUNPATH_SEARCH_PATHS = "$(inherited) @executable_path/Frameworks";
				PRODUCT_BUNDLE_IDENTIFIER = ZHY.PickPic;
				PRODUCT_NAME = "$(TARGET_NAME)";
			};
			name = Release;
		};
		0409AC291CFEBBE500EED0CF /* Debug */ = {
			isa = XCBuildConfiguration;
			buildSettings = {
				BUNDLE_LOADER = "$(TEST_HOST)";
				INFOPLIST_FILE = PickPicTests/Info.plist;
				LD_RUNPATH_SEARCH_PATHS = "$(inherited) @executable_path/Frameworks @loader_path/Frameworks";
				PRODUCT_BUNDLE_IDENTIFIER = ZHY.PickPicTests;
				PRODUCT_NAME = "$(TARGET_NAME)";
				TEST_HOST = "$(BUILT_PRODUCTS_DIR)/PickPic.app/PickPic";
			};
			name = Debug;
		};
		0409AC2A1CFEBBE500EED0CF /* Release */ = {
			isa = XCBuildConfiguration;
			buildSettings = {
				BUNDLE_LOADER = "$(TEST_HOST)";
				INFOPLIST_FILE = PickPicTests/Info.plist;
				LD_RUNPATH_SEARCH_PATHS = "$(inherited) @executable_path/Frameworks @loader_path/Frameworks";
				PRODUCT_BUNDLE_IDENTIFIER = ZHY.PickPicTests;
				PRODUCT_NAME = "$(TARGET_NAME)";
				TEST_HOST = "$(BUILT_PRODUCTS_DIR)/PickPic.app/PickPic";
			};
			name = Release;
		};
		0409AC2C1CFEBBE500EED0CF /* Debug */ = {
			isa = XCBuildConfiguration;
			buildSettings = {
				INFOPLIST_FILE = PickPicUITests/Info.plist;
				LD_RUNPATH_SEARCH_PATHS = "$(inherited) @executable_path/Frameworks @loader_path/Frameworks";
				PRODUCT_BUNDLE_IDENTIFIER = ZHY.PickPicUITests;
				PRODUCT_NAME = "$(TARGET_NAME)";
				TEST_TARGET_NAME = PickPic;
				USES_XCTRUNNER = YES;
			};
			name = Debug;
		};
		0409AC2D1CFEBBE500EED0CF /* Release */ = {
			isa = XCBuildConfiguration;
			buildSettings = {
				INFOPLIST_FILE = PickPicUITests/Info.plist;
				LD_RUNPATH_SEARCH_PATHS = "$(inherited) @executable_path/Frameworks @loader_path/Frameworks";
				PRODUCT_BUNDLE_IDENTIFIER = ZHY.PickPicUITests;
				PRODUCT_NAME = "$(TARGET_NAME)";
				TEST_TARGET_NAME = PickPic;
				USES_XCTRUNNER = YES;
			};
			name = Release;
		};
/* End XCBuildConfiguration section */

/* Begin XCConfigurationList section */
		0409ABF31CFEBBE500EED0CF /* Build configuration list for PBXProject "PickPic" */ = {
			isa = XCConfigurationList;
			buildConfigurations = (
				0409AC231CFEBBE500EED0CF /* Debug */,
				0409AC241CFEBBE500EED0CF /* Release */,
			);
			defaultConfigurationIsVisible = 0;
			defaultConfigurationName = Release;
		};
		0409AC251CFEBBE500EED0CF /* Build configuration list for PBXNativeTarget "PickPic" */ = {
			isa = XCConfigurationList;
			buildConfigurations = (
				0409AC261CFEBBE500EED0CF /* Debug */,
				0409AC271CFEBBE500EED0CF /* Release */,
			);
			defaultConfigurationIsVisible = 0;
		};
		0409AC281CFEBBE500EED0CF /* Build configuration list for PBXNativeTarget "PickPicTests" */ = {
			isa = XCConfigurationList;
			buildConfigurations = (
				0409AC291CFEBBE500EED0CF /* Debug */,
				0409AC2A1CFEBBE500EED0CF /* Release */,
			);
			defaultConfigurationIsVisible = 0;
		};
		0409AC2B1CFEBBE500EED0CF /* Build configuration list for PBXNativeTarget "PickPicUITests" */ = {
			isa = XCConfigurationList;
			buildConfigurations = (
				0409AC2C1CFEBBE500EED0CF /* Debug */,
				0409AC2D1CFEBBE500EED0CF /* Release */,
			);
			defaultConfigurationIsVisible = 0;
		};
/* End XCConfigurationList section */
	};
	rootObject = 0409ABF01CFEBBE500EED0CF /* Project object */;
}
